%{
  "dialyxir": {:hex, :dialyxir, "1.4.5", "ca1571ac18e0f88d4ab245f0b60fa31ff1b12cbae2b11bd25d207f865e8ae78a", [:mix], [{:erlex, ">= 0.2.7", [hex: :erlex, repo: "hexpm", optional: false]}], "hexpm", "b0fb08bb8107c750db5c0b324fa2df5ceaa0f9307690ee3c1f6ba5b9eb5d35c3"},
  "earmark_parser": {:hex, :earmark_parser, "1.4.43", "34b2f401fe473080e39ff2b90feb8ddfeef7639f8ee0bbf71bb41911831d77c5", [:mix], [], "hexpm", "970a3cd19503f5e8e527a190662be2cee5d98eed1ff72ed9b3d1a3d466692de8"},
  "erlex": {:hex, :erlex, "0.2.7", "810e8725f96ab74d17aac676e748627a07bc87eb950d2b83acd29dc047a30595", [:mix], [], "hexpm", "3ed95f79d1a844c3f6bf0cea61e0d5612a42ce56da9c03f01df538685365efb0"},
  "ex_doc": {:hex, :ex_doc, "0.36.1", "4197d034f93e0b89ec79fac56e226107824adcce8d2dd0a26f5ed3a95efc36b1", [:mix], [{:earmark_parser, "~> 1.4.42", [hex: :earmark_parser, repo: "hexpm", optional: false]}, {:makeup_c, ">= 0.1.0", [hex: :makeup_c, repo: "hexpm", optional: true]}, {:makeup_elixir, "~> 0.14 or ~> 1.0", [hex: :makeup_elixir, repo: "hexpm", optional: false]}, {:makeup_erlang, "~> 0.1 or ~> 1.0", [hex: :makeup_erlang, repo: "hexpm", optional: false]}, {:makeup_html, ">= 0.1.0", [hex: :makeup_html, repo: "hexpm", optional: true]}], "hexpm", "d7d26a7cf965dacadcd48f9fa7b5953d7d0cfa3b44fa7a65514427da44eafd89"},
  "io_ansi_plus": {:hex, :io_ansi_plus, "0.1.61", "bbc4eb6fb43a9594ad17c69ed03d97127d6b71e5ef61f1866c82a505bcb9834f", [:mix], [{:persist_config, "~> 0.4", [hex: :persist_config, repo: "hexpm", optional: false]}], "hexpm", "969d48435a726721f86444c8b1b2e2027c920f4753d7a5eca93f2ef1dd23003b"},
  "islands_board": {:hex, :islands_board, "0.1.33", "7d2aa30e8b25b5d85ede7c3e52f66099e32de80541b2a54a8d5aee04af8c36c6", [:mix], [{:islands_coord, "~> 0.1", [hex: :islands_coord, repo: "hexpm", optional: false]}, {:islands_island, "~> 0.1", [hex: :islands_island, repo: "hexpm", optional: false]}], "hexpm", "55ae47c503d1cf27d438bb7edd107c8e1284531e4ced9298d759b0afaf8b234e"},
  "islands_client_island_type": {:hex, :islands_client_island_type, "0.1.23", "a0c4036843c197e2330cfe9cc47d6b9f1a1aaa8f0a73c6847ed6971ab7e87410", [:mix], [{:islands_island, "~> 0.1", [hex: :islands_island, repo: "hexpm", optional: false]}], "hexpm", "6197509de60bcf20c449dcbb7ffb3b8382bfba62a096fdb61ea48999837b5340"},
  "islands_coord": {:hex, :islands_coord, "0.1.33", "d862e2e5ee672a23ca06b7ecc633ca6e1ef0704cea3779a00e47e8ea56bb17c3", [:mix], [], "hexpm", "6109ad54a575df63ae7571882675a77d2f080c8fec0996be380b5d954c3de351"},
  "islands_game": {:hex, :islands_game, "0.1.45", "7a1497b46439b2c193d4b251a2ffee1ebadd8b2e347c7efda057d60ffa94097a", [:mix], [{:islands_board, "~> 0.1", [hex: :islands_board, repo: "hexpm", optional: false]}, {:islands_coord, "~> 0.1", [hex: :islands_coord, repo: "hexpm", optional: false]}, {:islands_guesses, "~> 0.1", [hex: :islands_guesses, repo: "hexpm", optional: false]}, {:islands_player, "~> 0.1", [hex: :islands_player, repo: "hexpm", optional: false]}, {:islands_player_id, "~> 0.1", [hex: :islands_player_id, repo: "hexpm", optional: false]}, {:islands_request, "~> 0.1", [hex: :islands_request, repo: "hexpm", optional: false]}, {:islands_response, "~> 0.1", [hex: :islands_response, repo: "hexpm", optional: false]}, {:islands_state, "~> 0.1", [hex: :islands_state, repo: "hexpm", optional: false]}, {:jason, "~> 1.0", [hex: :jason, repo: "hexpm", optional: false]}, {:persist_config, "~> 0.4", [hex: :persist_config, repo: "hexpm", optional: false]}], "hexpm", "97560cd1aa4015ce76334a9a4d93fe9cec57ce6bf1e0ce75444455e6d107989d"},
  "islands_guesses": {:hex, :islands_guesses, "0.1.34", "2d25bfedc9f8aedbe89b3d4757cfbefbdf12c25c4d575b9cb0617d02d8db5c28", [:mix], [{:islands_coord, "~> 0.1", [hex: :islands_coord, repo: "hexpm", optional: false]}, {:islands_island, "~> 0.1", [hex: :islands_island, repo: "hexpm", optional: false]}], "hexpm", "744d603bee06f8e19913264c162ec04818405fe96250c8325f6a9dacbbe1c5ce"},
  "islands_island": {:hex, :islands_island, "0.1.35", "7467414734aa6edcd0650b640ef06c10509f482ccb3841c89b8087038c37f35c", [:mix], [{:islands_coord, "~> 0.1", [hex: :islands_coord, repo: "hexpm", optional: false]}], "hexpm", "6499f0f4fd34ada7952e82337861117c95795eb17bd21aff52c39410e2797b69"},
  "islands_player": {:hex, :islands_player, "0.1.36", "6d25dc562fa39dd70fa696c4f0a885ecd645e54fb6cb7d355f3ed53824369815", [:mix], [{:islands_board, "~> 0.1", [hex: :islands_board, repo: "hexpm", optional: false]}, {:islands_guesses, "~> 0.1", [hex: :islands_guesses, repo: "hexpm", optional: false]}], "hexpm", "aa50dfe073b070dfc1372fc0ea5eef62fe707a77e8dade617b035917d6a3abd8"},
  "islands_player_id": {:hex, :islands_player_id, "0.1.22", "3c2d98915e353cd108ada67b08b1f2897ea54f094da6a5ecf2fc624abc48c523", [:mix], [], "hexpm", "67d9deeee2798abc187bb9c875d2a507376c2bace41a66fdc247323f67c382e5"},
  "islands_request": {:hex, :islands_request, "0.1.34", "a4b759cf6c2c2989345d52b6d9fe997b96415792fd8089e8114b1bff98067c4d", [:mix], [{:islands_coord, "~> 0.1", [hex: :islands_coord, repo: "hexpm", optional: false]}, {:islands_island, "~> 0.1", [hex: :islands_island, repo: "hexpm", optional: false]}, {:islands_player, "~> 0.1", [hex: :islands_player, repo: "hexpm", optional: false]}, {:islands_player_id, "~> 0.1", [hex: :islands_player_id, repo: "hexpm", optional: false]}], "hexpm", "363df0b9591dd13d780fe726b438956118de8cafd4c698c01e8442d3d0584f60"},
  "islands_response": {:hex, :islands_response, "0.1.23", "8f18e073c8f40b96e8977a73428222e0ae875018bfac17a239720ce776cd5ca7", [:mix], [{:islands_island, "~> 0.1", [hex: :islands_island, repo: "hexpm", optional: false]}], "hexpm", "c3f4a113d85361ec039745c18c71efd7f7ae7a506a5e275d14e99c8b39e83e1f"},
  "islands_state": {:hex, :islands_state, "0.1.25", "e200d47856c0e17d2b3138e6563991352ee0fb8eb2f28095603a22aaec8c0b44", [:mix], [{:islands_player_id, "~> 0.1", [hex: :islands_player_id, repo: "hexpm", optional: false]}], "hexpm", "ad421b5874a0d2cde5bf969843e9158a10a64e22897596537245fd3f77448662"},
  "jason": {:hex, :jason, "1.4.4", "b9226785a9aa77b6857ca22832cffa5d5011a667207eb2a0ad56adb5db443b8a", [:mix], [{:decimal, "~> 1.0 or ~> 2.0", [hex: :decimal, repo: "hexpm", optional: true]}], "hexpm", "c5eb0cab91f094599f94d55bc63409236a8ec69a21a67814529e8d5f6cc90b3b"},
  "makeup": {:hex, :makeup, "1.2.1", "e90ac1c65589ef354378def3ba19d401e739ee7ee06fb47f94c687016e3713d1", [:mix], [{:nimble_parsec, "~> 1.4", [hex: :nimble_parsec, repo: "hexpm", optional: false]}], "hexpm", "d36484867b0bae0fea568d10131197a4c2e47056a6fbe84922bf6ba71c8d17ce"},
  "makeup_elixir": {:hex, :makeup_elixir, "1.0.1", "e928a4f984e795e41e3abd27bfc09f51db16ab8ba1aebdba2b3a575437efafc2", [:mix], [{:makeup, "~> 1.0", [hex: :makeup, repo: "hexpm", optional: false]}, {:nimble_parsec, "~> 1.2.3 or ~> 1.3", [hex: :nimble_parsec, repo: "hexpm", optional: false]}], "hexpm", "7284900d412a3e5cfd97fdaed4f5ed389b8f2b4cb49efc0eb3bd10e2febf9507"},
  "makeup_erlang": {:hex, :makeup_erlang, "1.0.2", "03e1804074b3aa64d5fad7aa64601ed0fb395337b982d9bcf04029d68d51b6a7", [:mix], [{:makeup, "~> 1.0", [hex: :makeup, repo: "hexpm", optional: false]}], "hexpm", "af33ff7ef368d5893e4a267933e7744e46ce3cf1f61e2dccf53a111ed3aa3727"},
  "nimble_parsec": {:hex, :nimble_parsec, "1.4.2", "8efba0122db06df95bfaa78f791344a89352ba04baedd3849593bfce4d0dc1c6", [:mix], [], "hexpm", "4b21398942dda052b403bbe1da991ccd03a053668d147d53fb8c4e0efe09c973"},
  "persist_config": {:hex, :persist_config, "0.4.34", "27c6ec30ce0a2c1e5464bc6ce0225eb38d018309c9984eecfdb34b5e5a81ba4b", [:mix], [], "hexpm", "56c776c1057d04bd54c6b93b94d44d56e1f93ec744c82640cb64bbb4fa0f89d1"},
}
