%{
  "dialyxir": {:hex, :dialyxir, "1.0.0", "6a1fa629f7881a9f5aaf3a78f094b2a51a0357c843871b8bc98824e7342d00a5", [:mix], [{:erlex, ">= 0.2.6", [hex: :erlex, repo: "hexpm", optional: false]}], "hexpm", "aeb06588145fac14ca08d8061a142d52753dbc2cf7f0d00fc1013f53f8654654"},
  "earmark_parser": {:hex, :earmark_parser, "1.4.12", "b245e875ec0a311a342320da0551da407d9d2b65d98f7a9597ae078615af3449", [:mix], [], "hexpm", "711e2cc4d64abb7d566d43f54b78f7dc129308a63bc103fbd88550d2174b3160"},
  "erlex": {:hex, :erlex, "0.2.6", "c7987d15e899c7a2f34f5420d2a2ea0d659682c06ac607572df55a43753aa12e", [:mix], [], "hexpm", "2ed2e25711feb44d52b17d2780eabf998452f6efda104877a3881c2f8c0c0c75"},
  "ex_doc": {:hex, :ex_doc, "0.23.0", "a069bc9b0bf8efe323ecde8c0d62afc13d308b1fa3d228b65bca5cf8703a529d", [:mix], [{:earmark_parser, "~> 1.4.0", [hex: :earmark_parser, repo: "hexpm", optional: false]}, {:makeup_elixir, "~> 0.14", [hex: :makeup_elixir, repo: "hexpm", optional: false]}], "hexpm", "f5e2c4702468b2fd11b10d39416ddadd2fcdd173ba2a0285ebd92c39827a5a16"},
  "io_ansi_plus": {:hex, :io_ansi_plus, "0.1.32", "6892faf688875c50252387a6ec999420c7914da0cf3ee8986493b1fe914503d1", [:mix], [{:persist_config, "~> 0.4", [hex: :persist_config, repo: "hexpm", optional: false]}], "hexpm", "fc2ef245e7495cba77d764551102c189470be0145b6cda62587e8e9f4faeceb1"},
  "islands_board": {:hex, :islands_board, "0.1.19", "0c757705131e00ac66366a7f43079093510a004d00ac051f7317b693639cada4", [:mix], [{:islands_coord, "~> 0.1", [hex: :islands_coord, repo: "hexpm", optional: false]}, {:islands_island, "~> 0.1", [hex: :islands_island, repo: "hexpm", optional: false]}, {:jason, "~> 1.0", [hex: :jason, repo: "hexpm", optional: false]}, {:poison, "~> 4.0", [hex: :poison, repo: "hexpm", optional: false]}], "hexpm", "5c09d0ed020e8d32a9dfdd0c96f4310497a5d8978e0dfc76d8a95cb1dfff7351"},
  "islands_client_island_type": {:hex, :islands_client_island_type, "0.1.12", "27c639ebf3f4be06ab627590b93e5001712776a7bc29a6280cefe6edda9c7a86", [:mix], [{:islands_island, "~> 0.1", [hex: :islands_island, repo: "hexpm", optional: false]}], "hexpm", "cd3945637b86a560f5201cf06a6d0494e49992cf316016e4060b69fa57c87521"},
  "islands_coord": {:hex, :islands_coord, "0.1.17", "59071a181cde9b22162c1cd6e2e65f55ddbb54f0d7b25f17058bd4e1b5821039", [:mix], [{:jason, "~> 1.0", [hex: :jason, repo: "hexpm", optional: false]}, {:poison, "~> 4.0", [hex: :poison, repo: "hexpm", optional: false]}], "hexpm", "6f90e07b269b9d2f628308f1564e0b38a18a7fb29ed2d7c9cec641b6c1aa8a19"},
  "islands_game": {:hex, :islands_game, "0.1.23", "320770c6bc08958b45211d790e720479567a920f9417d1d01dab6586239328ae", [:mix], [{:islands_board, "~> 0.1", [hex: :islands_board, repo: "hexpm", optional: false]}, {:islands_coord, "~> 0.1", [hex: :islands_coord, repo: "hexpm", optional: false]}, {:islands_guesses, "~> 0.1", [hex: :islands_guesses, repo: "hexpm", optional: false]}, {:islands_player, "~> 0.1", [hex: :islands_player, repo: "hexpm", optional: false]}, {:islands_player_id, "~> 0.1", [hex: :islands_player_id, repo: "hexpm", optional: false]}, {:islands_request, "~> 0.1", [hex: :islands_request, repo: "hexpm", optional: false]}, {:islands_response, "~> 0.1", [hex: :islands_response, repo: "hexpm", optional: false]}, {:islands_state, "~> 0.1", [hex: :islands_state, repo: "hexpm", optional: false]}, {:jason, "~> 1.0", [hex: :jason, repo: "hexpm", optional: false]}, {:persist_config, "~> 0.4", [hex: :persist_config, repo: "hexpm", optional: false]}, {:poison, "~> 4.0", [hex: :poison, repo: "hexpm", optional: false]}], "hexpm", "2400adeb43fa68ec5de92ce473596f59c5bc237e00bed2309cc4bcf9981ed333"},
  "islands_guesses": {:hex, :islands_guesses, "0.1.19", "eaf360aef5ad871e09181cdaaedb3719ef17387e53f96a54e1d6dde305365d7f", [:mix], [{:islands_coord, "~> 0.1", [hex: :islands_coord, repo: "hexpm", optional: false]}, {:islands_island, "~> 0.1", [hex: :islands_island, repo: "hexpm", optional: false]}, {:jason, "~> 1.0", [hex: :jason, repo: "hexpm", optional: false]}, {:poison, "~> 4.0", [hex: :poison, repo: "hexpm", optional: false]}], "hexpm", "13df7799ed92fd43863ac679150b0320b4c5076ab6f0a7b70627160894cdedbb"},
  "islands_island": {:hex, :islands_island, "0.1.18", "5f5dc8762c8d986838fd8bd60a92ed6e2539154399b3d5ccd05676c76620b5d7", [:mix], [{:islands_coord, "~> 0.1", [hex: :islands_coord, repo: "hexpm", optional: false]}, {:jason, "~> 1.0", [hex: :jason, repo: "hexpm", optional: false]}, {:poison, "~> 4.0", [hex: :poison, repo: "hexpm", optional: false]}], "hexpm", "3cc4bf9655d75561401f262b6c331a630fdca083a510302f8d823362f7751bc1"},
  "islands_player": {:hex, :islands_player, "0.1.21", "eab35660496889ac377a7308e629b9e0c1614901e3a4365e8ab91eed4747b64c", [:mix], [{:islands_board, "~> 0.1", [hex: :islands_board, repo: "hexpm", optional: false]}, {:islands_guesses, "~> 0.1", [hex: :islands_guesses, repo: "hexpm", optional: false]}, {:jason, "~> 1.0", [hex: :jason, repo: "hexpm", optional: false]}, {:poison, "~> 4.0", [hex: :poison, repo: "hexpm", optional: false]}], "hexpm", "1b976aa01afcaaca82fda16190862883ddf1164edbd1def1b125f8f4e7b444d4"},
  "islands_player_id": {:hex, :islands_player_id, "0.1.10", "213da56247987c29716574eb2180ec94b7956c055c82d6987393dc8fdca5c6e5", [:mix], [], "hexpm", "12232cde3a806ecbdbb5d58b06997c670c38172c45d9efb8a0607cb4e1e1bd51"},
  "islands_request": {:hex, :islands_request, "0.1.20", "bae18e93c495fa82bbce58ec244c388860c2f20f2d0a65d6f4c8dcd90feba2b8", [:mix], [{:islands_coord, "~> 0.1", [hex: :islands_coord, repo: "hexpm", optional: false]}, {:islands_island, "~> 0.1", [hex: :islands_island, repo: "hexpm", optional: false]}, {:islands_player, "~> 0.1", [hex: :islands_player, repo: "hexpm", optional: false]}, {:islands_player_id, "~> 0.1", [hex: :islands_player_id, repo: "hexpm", optional: false]}], "hexpm", "0a6431fc7ad53e305759b0608e73b9dd0343dbfc671aec8048996020beb5d79c"},
  "islands_response": {:hex, :islands_response, "0.1.13", "7dec5a07fcce87e32125cb8bd8c4ae6243a29db1df0aaa3870c72d1b2ffc13be", [:mix], [{:islands_island, "~> 0.1", [hex: :islands_island, repo: "hexpm", optional: false]}], "hexpm", "b1cef9ae2c7aa5c02a7186a4905040115124d9fc3ba03eaeede712286fb847bd"},
  "islands_state": {:hex, :islands_state, "0.1.14", "c2911b689f5134eac8832ed2c43f202878263e2e5a0ba25269bcb40a3869dead", [:mix], [{:islands_player_id, "~> 0.1", [hex: :islands_player_id, repo: "hexpm", optional: false]}, {:jason, "~> 1.0", [hex: :jason, repo: "hexpm", optional: false]}, {:poison, "~> 4.0", [hex: :poison, repo: "hexpm", optional: false]}], "hexpm", "46d940f5bd8e81dee998163a79cf1fad822ce64a17f46221bbefa2ba9a5c8342"},
  "jason": {:hex, :jason, "1.2.2", "ba43e3f2709fd1aa1dce90aaabfd039d000469c05c56f0b8e31978e03fa39052", [:mix], [{:decimal, "~> 1.0 or ~> 2.0", [hex: :decimal, repo: "hexpm", optional: true]}], "hexpm", "18a228f5f0058ee183f29f9eae0805c6e59d61c3b006760668d8d18ff0d12179"},
  "makeup": {:hex, :makeup, "1.0.5", "d5a830bc42c9800ce07dd97fa94669dfb93d3bf5fcf6ea7a0c67b2e0e4a7f26c", [:mix], [{:nimble_parsec, "~> 0.5 or ~> 1.0", [hex: :nimble_parsec, repo: "hexpm", optional: false]}], "hexpm", "cfa158c02d3f5c0c665d0af11512fed3fba0144cf1aadee0f2ce17747fba2ca9"},
  "makeup_elixir": {:hex, :makeup_elixir, "0.15.0", "98312c9f0d3730fde4049985a1105da5155bfe5c11e47bdc7406d88e01e4219b", [:mix], [{:makeup, "~> 1.0", [hex: :makeup, repo: "hexpm", optional: false]}, {:nimble_parsec, "~> 1.1", [hex: :nimble_parsec, repo: "hexpm", optional: false]}], "hexpm", "75ffa34ab1056b7e24844c90bfc62aaf6f3a37a15faa76b07bc5eba27e4a8b4a"},
  "nimble_parsec": {:hex, :nimble_parsec, "1.1.0", "3a6fca1550363552e54c216debb6a9e95bd8d32348938e13de5eda962c0d7f89", [:mix], [], "hexpm", "08eb32d66b706e913ff748f11694b17981c0b04a33ef470e33e11b3d3ac8f54b"},
  "persist_config": {:hex, :persist_config, "0.4.16", "5dcb9f9e814e8a369111f9e6b3ccc2ca6cc885f91997b60c44d594f5047a3a8f", [:mix], [], "hexpm", "127276d2af19d328a65b1a9d63e5a4be092f83270e7719cd10d3df0b3e7dc15e"},
  "poison": {:hex, :poison, "4.0.1", "bcb755a16fac91cad79bfe9fc3585bb07b9331e50cfe3420a24bcc2d735709ae", [:mix], [], "hexpm", "ba8836feea4b394bb718a161fc59a288fe0109b5006d6bdf97b6badfcf6f0f25"},
}
